
Microsoft Visual Studio Solution File, Format Version 12.00
# Visual Studio Version 17
VisualStudioVersion = 17.4.33110.190
MinimumVisualStudioVersion = 10.0.40219.1
Project("{FAE04EC0-301F-11D3-BF4B-00C04F79EFBC}") = "Calculadora de Media", "Calculadora de Media\Calculadora de Media.csproj", "{FFBA9111-E9F8-4DCF-9E8B-EA99E39619BA}"
EndProject
Global
	GlobalSection(SolutionConfigurationPlatforms) = preSolution
		Debug|Any CPU = Debug|Any CPU
		Release|Any CPU = Release|Any CPU
	EndGlobalSection
	GlobalSection(ProjectConfigurationPlatforms) = postSolution
		{FFBA9111-E9F8-4DCF-9E8B-EA99E39619BA}.Debug|Any CPU.ActiveCfg = Debug|Any CPU
		{FFBA9111-E9F8-4DCF-9E8B-EA99E39619BA}.Debug|Any CPU.Build.0 = Debug|Any CPU
		{FFBA9111-E9F8-4DCF-9E8B-EA99E39619BA}.Release|Any CPU.ActiveCfg = Release|Any CPU
		{FFBA9111-E9F8-4DCF-9E8B-EA99E39619BA}.Release|Any CPU.Build.0 = Release|Any CPU
	EndGlobalSection
	GlobalSection(SolutionProperties) = preSolution
		HideSolutionNode = FALSE
	EndGlobalSection
	GlobalSection(ExtensibilityGlobals) = postSolution
		SolutionGuid = {B05B9810-0F33-4CBD-AFE1-09DC08EFF3D4}
	EndGlobalSection
EndGlobal
